// !$*UTF8*$!
{
	archiveVersion = 1;
	classes = {
	};
	objectVersion = 50;
	objects = {

/* Begin PBXBuildFile section */
		A78F02A924AC8F4B000837AD /* AppDelegate.swift in Sources */ = {isa = PBXBuildFile; fileRef = A78F02A824AC8F4B000837AD /* AppDelegate.swift */; };
		A78F02AD24AC8F4B000837AD /* ViewController.swift in Sources */ = {isa = PBXBuildFile; fileRef = A78F02AC24AC8F4B000837AD /* ViewController.swift */; };
		A78F02B024AC8F4B000837AD /* Main.storyboard in Resources */ = {isa = PBXBuildFile; fileRef = A78F02AE24AC8F4B000837AD /* Main.storyboard */; };
		A78F02B224AC8F4C000837AD /* Assets.xcassets in Resources */ = {isa = PBXBuildFile; fileRef = A78F02B124AC8F4C000837AD /* Assets.xcassets */; };
		A78F02B524AC8F4C000837AD /* LaunchScreen.storyboard in Resources */ = {isa = PBXBuildFile; fileRef = A78F02B324AC8F4C000837AD /* LaunchScreen.storyboard */; };
		A78F02BD24AC900C000837AD /* CatDogClassifier.mlmodel in Sources */ = {isa = PBXBuildFile; fileRef = A78F02BC24AC900C000837AD /* CatDogClassifier.mlmodel */; };
		A78F02BF24AC940D000837AD /* AnimalDetector.swift in Sources */ = {isa = PBXBuildFile; fileRef = A78F02BE24AC940D000837AD /* AnimalDetector.swift */; };
/* End PBXBuildFile section */

/* Begin PBXFileReference section */
		A78F02A524AC8F4B000837AD /* CatDogClassifier.app */ = {isa = PBXFileReference; explicitFileType = wrapper.application; includeInIndex = 0; path = CatDogClassifier.app; sourceTree = BUILT_PRODUCTS_DIR; };
		A78F02A824AC8F4B000837AD /* AppDelegate.swift */ = {isa = PBXFileReference; lastKnownFileType = sourcecode.swift; path = AppDelegate.swift; sourceTree = "<group>"; };
		A78F02AC24AC8F4B000837AD /* ViewController.swift */ = {isa = PBXFileReference; lastKnownFileType = sourcecode.swift; path = ViewController.swift; sourceTree = "<group>"; };
		A78F02AF24AC8F4B000837AD /* Base */ = {isa = PBXFileReference; lastKnownFileType = file.storyboard; name = Base; path = Base.lproj/Main.storyboard; sourceTree = "<group>"; };
		A78F02B124AC8F4C000837AD /* Assets.xcassets */ = {isa = PBXFileReference; lastKnownFileType = folder.assetcatalog; path = Assets.xcassets; sourceTree = "<group>"; };
		A78F02B424AC8F4C000837AD /* Base */ = {isa = PBXFileReference; lastKnownFileType = file.storyboard; name = Base; path = Base.lproj/LaunchScreen.storyboard; sourceTree = "<group>"; };
		A78F02B624AC8F4C000837AD /* Info.plist */ = {isa = PBXFileReference; lastKnownFileType = text.plist.xml; path = Info.plist; sourceTree = "<group>"; };
		A78F02BC24AC900C000837AD /* CatDogClassifier.mlmodel */ = {isa = PBXFileReference; lastKnownFileType = file.mlmodel; name = CatDogClassifier.mlmodel; path = ../../CatDogClassifier.mlmodel; sourceTree = "<group>"; };
		A78F02BE24AC940D000837AD /* AnimalDetector.swift */ = {isa = PBXFileReference; lastKnownFileType = sourcecode.swift; path = AnimalDetector.swift; sourceTree = "<group>"; };
/* End PBXFileReference section */

/* Begin PBXFrameworksBuildPhase section */
		A78F02A224AC8F4B000837AD /* Frameworks */ = {
			isa = PBXFrameworksBuildPhase;
			buildActionMask = 2147483647;
			files = (
			);
			runOnlyForDeploymentPostprocessing = 0;
		};
/* End PBXFrameworksBuildPhase section */

/* Begin PBXGroup section */
		A78F029C24AC8F4B000837AD = {
			isa = PBXGroup;
			children = (
				A78F02A724AC8F4B000837AD /* CatDogClassifier */,
				A78F02A624AC8F4B000837AD /* Products */,
			);
			sourceTree = "<group>";
		};
		A78F02A624AC8F4B000837AD /* Products */ = {
			isa = PBXGroup;
			children = (
				A78F02A524AC8F4B000837AD /* CatDogClassifier.app */,
			);
			name = Products;
			sourceTree = "<group>";
		};
		A78F02A724AC8F4B000837AD /* CatDogClassifier */ = {
			isa = PBXGroup;
			children = (
				A78F02BC24AC900C000837AD /* CatDogClassifier.mlmodel */,
				A78F02A824AC8F4B000837AD /* AppDelegate.swift */,
				A78F02AC24AC8F4B000837AD /* ViewController.swift */,
				A78F02BE24AC940D000837AD /* AnimalDetector.swift */,
				A78F02AE24AC8F4B000837AD /* Main.storyboard */,
				A78F02B124AC8F4C000837AD /* Assets.xcassets */,
				A78F02B324AC8F4C000837AD /* LaunchScreen.storyboard */,
				A78F02B624AC8F4C000837AD /* Info.plist */,
			);
			path = CatDogClassifier;
			sourceTree = "<group>";
		};
/* End PBXGroup section */

/* Begin PBXNativeTarget section */
		A78F02A424AC8F4B000837AD /* CatDogClassifier */ = {
			isa = PBXNativeTarget;
			buildConfigurationList = A78F02B924AC8F4C000837AD /* Build configuration list for PBXNativeTarget "CatDogClassifier" */;
			buildPhases = (
				A78F02A124AC8F4B000837AD /* Sources */,
				A78F02A224AC8F4B000837AD /* Frameworks */,
				A78F02A324AC8F4B000837AD /* Resources */,
			);
			buildRules = (
			);
			dependencies = (
			);
			name = CatDogClassifier;
			productName = CatDogClassifier;
			productReference = A78F02A524AC8F4B000837AD /* CatDogClassifier.app */;
			productType = "com.apple.product-type.application";
		};
/* End PBXNativeTarget section */

/* Begin PBXProject section */
		A78F029D24AC8F4B000837AD /* Project object */ = {
			isa = PBXProject;
			attributes = {
				LastSwiftUpdateCheck = 1120;
				LastUpgradeCheck = 1120;
				ORGANIZATIONNAME = Muis;
				TargetAttributes = {
					A78F02A424AC8F4B000837AD = {
						CreatedOnToolsVersion = 11.2.1;
					};
				};
			};
			buildConfigurationList = A78F02A024AC8F4B000837AD /* Build configuration list for PBXProject "CatDogClassifier" */;
			compatibilityVersion = "Xcode 9.3";
			developmentRegion = en;
			hasScannedForEncodings = 0;
			knownRegions = (
				en,
				Base,
			);
			mainGroup = A78F029C24AC8F4B000837AD;
			productRefGroup = A78F02A624AC8F4B000837AD /* Products */;
			projectDirPath = "";
			projectRoot = "";
			targets = (
				A78F02A424AC8F4B000837AD /* CatDogClassifier */,
			);
		};
/* End PBXProject section */

/* Begin PBXResourcesBuildPhase section */
		A78F02A324AC8F4B000837AD /* Resources */ = {
			isa = PBXResourcesBuildPhase;
			buildActionMask = 2147483647;
			files = (
				A78F02B524AC8F4C000837AD /* LaunchScreen.storyboard in Resources */,
				A78F02B224AC8F4C000837AD /* Assets.xcassets in Resources */,
				A78F02B024AC8F4B000837AD /* Main.storyboard in Resources */,
			);
			runOnlyForDeploymentPostprocessing = 0;
		};
/* End PBXResourcesBuildPhase section */

/* Begin PBXSourcesBuildPhase section */
		A78F02A124AC8F4B000837AD /* Sources */ = {
			isa = PBXSourcesBuildPhase;
			buildActionMask = 2147483647;
			files = (
				A78F02AD24AC8F4B000837AD /* ViewController.swift in Sources */,
				A78F02BD24AC900C000837AD /* CatDogClassifier.mlmodel in Sources */,
				A78F02A924AC8F4B000837AD /* AppDelegate.swift in Sources */,
				A78F02BF24AC940D000837AD /* AnimalDetector.swift in Sources */,
			);
			runOnlyForDeploymentPostprocessing = 0;
		};
/* End PBXSourcesBuildPhase section */

/* Begin PBXVariantGroup section */
		A78F02AE24AC8F4B000837AD /* Main.storyboard */ = {
			isa = PBXVariantGroup;
			children = (
				A78F02AF24AC8F4B000837AD /* Base */,
			);
			name = Main.storyboard;
			sourceTree = "<group>";
		};
		A78F02B324AC8F4C000837AD /* LaunchScreen.storyboard */ = {
			isa = PBXVariantGroup;
			children = (
				A78F02B424AC8F4C000837AD /* Base */,
			);
			name = LaunchScreen.storyboard;
			sourceTree = "<group>";
		};
/* End PBXVariantGroup section */

/* Begin XCBuildConfiguration section */
		A78F02B724AC8F4C000837AD /* Debug */ = {
			isa = XCBuildConfiguration;
			buildSettings = {
				ALWAYS_SEARCH_USER_PATHS = NO;
				CLANG_ANALYZER_NONNULL = YES;
				CLANG_ANALYZER_NUMBER_OBJECT_CONVERSION = YES_AGGRESSIVE;
				CLANG_CXX_LANGUAGE_STANDARD = "gnu++14";
				CLANG_CXX_LIBRARY = "libc++";
				CLANG_ENABLE_MODULES = YES;
				CLANG_ENABLE_OBJC_ARC = YES;
				CLANG_ENABLE_OBJC_WEAK = YES;
				CLANG_WARN_BLOCK_CAPTURE_AUTORELEASING = YES;
				CLANG_WARN_BOOL_CONVERSION = YES;
				CLANG_WARN_COMMA = YES;
				CLANG_WARN_CONSTANT_CONVERSION = YES;
				CLANG_WARN_DEPRECATED_OBJC_IMPLEMENTATIONS = YES;
				CLANG_WARN_DIRECT_OBJC_ISA_USAGE = YES_ERROR;
				CLANG_WARN_DOCUMENTATION_COMMENTS = YES;
				CLANG_WARN_EMPTY_BODY = YES;
				CLANG_WARN_ENUM_CONVERSION = YES;
				CLANG_WARN_INFINITE_RECURSION = YES;
				CLANG_WARN_INT_CONVERSION = YES;
				CLANG_WARN_NON_LITERAL_NULL_CONVERSION = YES;
				CLANG_WARN_OBJC_IMPLICIT_RETAIN_SELF = YES;
				CLANG_WARN_OBJC_LITERAL_CONVERSION = YES;
				CLANG_WARN_OBJC_ROOT_CLASS = YES_ERROR;
				CLANG_WARN_RANGE_LOOP_ANALYSIS = YES;
				CLANG_WARN_STRICT_PROTOTYPES = YES;
				CLANG_WARN_SUSPICIOUS_MOVE = YES;
				CLANG_WARN_UNGUARDED_AVAILABILITY = YES_AGGRESSIVE;
				CLANG_WARN_UNREACHABLE_CODE = YES;
				CLANG_WARN__DUPLICATE_METHOD_MATCH = YES;
				COPY_PHASE_STRIP = NO;
				DEBUG_INFORMATION_FORMAT = dwarf;
				ENABLE_STRICT_OBJC_MSGSEND = YES;
				ENABLE_TESTABILITY = YES;
				GCC_C_LANGUAGE_STANDARD = gnu11;
				GCC_DYNAMIC_NO_PIC = NO;
				GCC_NO_COMMON_BLOCKS = YES;
				GCC_OPTIMIZATION_LEVEL = 0;
				GCC_PREPROCESSOR_DEFINITIONS = (
					"DEBUG=1",
					"$(inherited)",
				);
				GCC_WARN_64_TO_32_BIT_CONVERSION = YES;
				GCC_WARN_ABOUT_RETURN_TYPE = YES_ERROR;
				GCC_WARN_UNDECLARED_SELECTOR = YES;
				GCC_WARN_UNINITIALIZED_AUTOS = YES_AGGRESSIVE;
				GCC_WARN_UNUSED_FUNCTION = YES;
				GCC_WARN_UNUSED_VARIABLE = YES;
				IPHONEOS_DEPLOYMENT_TARGET = 13.2;
				MTL_ENABLE_DEBUG_INFO = INCLUDE_SOURCE;
				MTL_FAST_MATH = YES;
				ONLY_ACTIVE_ARCH = YES;
				SDKROOT = iphoneos;
				SWIFT_ACTIVE_COMPILATION_CONDITIONS = DEBUG;
				SWIFT_OPTIMIZATION_LEVEL = "-Onone";
			};
			name = Debug;
		};
		A78F02B824AC8F4C000837AD /* Release */ = {
			isa = XCBuildConfiguration;
			buildSettings = {
				ALWAYS_SEARCH_USER_PATHS = NO;
				CLANG_ANALYZER_NONNULL = YES;
				CLANG_ANALYZER_NUMBER_OBJECT_CONVERSION = YES_AGGRESSIVE;
				CLANG_CXX_LANGUAGE_STANDARD = "gnu++14";
				CLANG_CXX_LIBRARY = "libc++";
				CLANG_ENABLE_MODULES = YES;
				CLANG_ENABLE_OBJC_ARC = YES;
				CLANG_ENABLE_OBJC_WEAK = YES;
				CLANG_WARN_BLOCK_CAPTURE_AUTORELEASING = YES;
				CLANG_WARN_BOOL_CONVERSION = YES;
				CLANG_WARN_COMMA = YES;
				CLANG_WARN_CONSTANT_CONVERSION = YES;
				CLANG_WARN_DEPRECATED_OBJC_IMPLEMENTATIONS = YES;
				CLANG_WARN_DIRECT_OBJC_ISA_USAGE = YES_ERROR;
				CLANG_WARN_DOCUMENTATION_COMMENTS = YES;
				CLANG_WARN_EMPTY_BODY = YES;
				CLANG_WARN_ENUM_CONVERSION = YES;
				CLANG_WARN_INFINITE_RECURSION = YES;
				CLANG_WARN_INT_CONVERSION = YES;
				CLANG_WARN_NON_LITERAL_NULL_CONVERSION = YES;
				CLANG_WARN_OBJC_IMPLICIT_RETAIN_SELF = YES;
				CLANG_WARN_OBJC_LITERAL_CONVERSION = YES;
				CLANG_WARN_OBJC_ROOT_CLASS = YES_ERROR;
				CLANG_WARN_RANGE_LOOP_ANALYSIS = YES;
				CLANG_WARN_STRICT_PROTOTYPES = YES;
				CLANG_WARN_SUSPICIOUS_MOVE = YES;
				CLANG_WARN_UNGUARDED_AVAILABILITY = YES_AGGRESSIVE;
				CLANG_WARN_UNREACHABLE_CODE = YES;
				CLANG_WARN__DUPLICATE_METHOD_MATCH = YES;
				COPY_PHASE_STRIP = NO;
				DEBUG_INFORMATION_FORMAT = "dwarf-with-dsym";
				ENABLE_NS_ASSERTIONS = NO;
				ENABLE_STRICT_OBJC_MSGSEND = YES;
				GCC_C_LANGUAGE_STANDARD = gnu11;
				GCC_NO_COMMON_BLOCKS = YES;
				GCC_WARN_64_TO_32_BIT_CONVERSION = YES;
				GCC_WARN_ABOUT_RETURN_TYPE = YES_ERROR;
				GCC_WARN_UNDECLARED_SELECTOR = YES;
				GCC_WARN_UNINITIALIZED_AUTOS = YES_AGGRESSIVE;
				GCC_WARN_UNUSED_FUNCTION = YES;
				GCC_WARN_UNUSED_VARIABLE = YES;
				IPHONEOS_DEPLOYMENT_TARGET = 13.2;
				MTL_ENABLE_DEBUG_INFO = NO;
				MTL_FAST_MATH = YES;
				SDKROOT = iphoneos;
				SWIFT_COMPILATION_MODE = wholemodule;
				SWIFT_OPTIMIZATION_LEVEL = "-O";
				VALIDATE_PRODUCT = YES;
			};
			name = Release;
		};
		A78F02BA24AC8F4C000837AD /* Debug */ = {
			isa = XCBuildConfiguration;
			buildSettings = {
				ASSETCATALOG_COMPILER_APPICON_NAME = AppIcon;
				CODE_SIGN_STYLE = Automatic;
				DEVELOPMENT_TEAM = SDSLU2QT5X;
				INFOPLIST_FILE = CatDogClassifier/Info.plist;
				IPHONEOS_DEPLOYMENT_TARGET = 12.0;
				LD_RUNPATH_SEARCH_PATHS = (
					"$(inherited)",
					"@executable_path/Frameworks",
				);
				PRODUCT_BUNDLE_IDENTIFIER = com.muiz.idn.CatDogClassifier;
				PRODUCT_NAME = "$(TARGET_NAME)";
				SWIFT_VERSION = 5.0;
				TARGETED_DEVICE_FAMILY = "1,2";
			};
			name = Debug;
		};
		A78F02BB24AC8F4C000837AD /* Release */ = {
			isa = XCBuildConfiguration;
			buildSettings = {
				ASSETCATALOG_COMPILER_APPICON_NAME = AppIcon;
				CODE_SIGN_STYLE = Automatic;
				DEVELOPMENT_TEAM = SDSLU2QT5X;
				INFOPLIST_FILE = CatDogClassifier/Info.plist;
				IPHONEOS_DEPLOYMENT_TARGET = 12.0;
				LD_RUNPATH_SEARCH_PATHS = (
					"$(inherited)",
					"@executable_path/Frameworks",
				);
				PRODUCT_BUNDLE_IDENTIFIER = com.muiz.idn.CatDogClassifier;
				PRODUCT_NAME = "$(TARGET_NAME)";
				SWIFT_VERSION = 5.0;
				TARGETED_DEVICE_FAMILY = "1,2";
			};
			name = Release;
		};
/* End XCBuildConfiguration section */

/* Begin XCConfigurationList section */
		A78F02A024AC8F4B000837AD /* Build configuration list for PBXProject "CatDogClassifier" */ = {
			isa = XCConfigurationList;
			buildConfigurations = (
				A78F02B724AC8F4C000837AD /* Debug */,
				A78F02B824AC8F4C000837AD /* Release */,
			);
			defaultConfigurationIsVisible = 0;
			defaultConfigurationName = Release;
		};
		A78F02B924AC8F4C000837AD /* Build configuration list for PBXNativeTarget "CatDogClassifier" */ = {
			isa = XCConfigurationList;
			buildConfigurations = (
				A78F02BA24AC8F4C000837AD /* Debug */,
				A78F02BB24AC8F4C000837AD /* Release */,
			);
			defaultConfigurationIsVisible = 0;
			defaultConfigurationName = Release;
		};
/* End XCConfigurationList section */
	};
	rootObject = A78F029D24AC8F4B000837AD /* Project object */;
}
